
Microsoft Visual Studio Solution File, Format Version 12.00
# Visual Studio 2013
VisualStudioVersion = 12.0.21005.1
MinimumVisualStudioVersion = 10.0.40219.1
Project("{FAE04EC0-301F-11D3-BF4B-00C04F79EFBC}") = "Project.Novaseed", "Project.Novaseed\Project.Novaseed.csproj", "{C56638A2-711E-4A05-B456-7F23CF70EB3F}"
EndProject
Project("{FAE04EC0-301F-11D3-BF4B-00C04F79EFBC}") = "Project.DataAccess", "Project.DataAccess\Project.DataAccess.csproj", "{909308C7-0A1F-416D-9457-B023DB702734}"
EndProject
Project("{FAE04EC0-301F-11D3-BF4B-00C04F79EFBC}") = "Project.BusinessRules", "Project.BusinessRules\Project.BusinessRules.csproj", "{AB17FC48-769F-48D5-B6D3-61E102D04BEE}"
EndProject
Global
	GlobalSection(SolutionConfigurationPlatforms) = preSolution
		Debug|Any CPU = Debug|Any CPU
		Release|Any CPU = Release|Any CPU
	EndGlobalSection
	GlobalSection(ProjectConfigurationPlatforms) = postSolution
		{C56638A2-711E-4A05-B456-7F23CF70EB3F}.Debug|Any CPU.ActiveCfg = Debug|Any CPU
		{C56638A2-711E-4A05-B456-7F23CF70EB3F}.Debug|Any CPU.Build.0 = Debug|Any CPU
		{C56638A2-711E-4A05-B456-7F23CF70EB3F}.Release|Any CPU.ActiveCfg = Release|Any CPU
		{C56638A2-711E-4A05-B456-7F23CF70EB3F}.Release|Any CPU.Build.0 = Release|Any CPU
		{909308C7-0A1F-416D-9457-B023DB702734}.Debug|Any CPU.ActiveCfg = Debug|Any CPU
		{909308C7-0A1F-416D-9457-B023DB702734}.Debug|Any CPU.Build.0 = Debug|Any CPU
		{909308C7-0A1F-416D-9457-B023DB702734}.Release|Any CPU.ActiveCfg = Release|Any CPU
		{909308C7-0A1F-416D-9457-B023DB702734}.Release|Any CPU.Build.0 = Release|Any CPU
		{AB17FC48-769F-48D5-B6D3-61E102D04BEE}.Debug|Any CPU.ActiveCfg = Debug|Any CPU
		{AB17FC48-769F-48D5-B6D3-61E102D04BEE}.Debug|Any CPU.Build.0 = Debug|Any CPU
		{AB17FC48-769F-48D5-B6D3-61E102D04BEE}.Release|Any CPU.ActiveCfg = Release|Any CPU
		{AB17FC48-769F-48D5-B6D3-61E102D04BEE}.Release|Any CPU.Build.0 = Release|Any CPU
	EndGlobalSection
	GlobalSection(SolutionProperties) = preSolution
		HideSolutionNode = FALSE
	EndGlobalSection
EndGlobal
